Microsoft Visual Studio Solution File, Format Version 12.00
# Visual Studio Version 16
VisualStudioVersion = 16.0.30413.136
MinimumVisualStudioVersion = 10.0.40219.1
Project("{9A19103F-16F7-4668-BE54-9A1E7A4F7556}") = "DataLayer", "DataLayer\DataLayer.csproj", "{5478EC97-76D7-4781-8EBE-1AD51639100A}"
EndProject
Project("{9A19103F-16F7-4668-BE54-9A1E7A4F7556}") = "WebService", "WebService\WebService.csproj", "{965A83FE-8A99-42AF-9CD6-AD7EC84323B6}"
EndProject
Project("{9A19103F-16F7-4668-BE54-9A1E7A4F7556}") = "DataServiceLibrary", "DataServiceLibrary\DataServiceLibrary.csproj", "{130A5098-E38E-4A19-B168-173EA8E78E02}"
EndProject
Project("{FAE04EC0-301F-11D3-BF4B-00C04F79EFBC}") = "UnitTests", "UnitTests\UnitTests.csproj", "{2E913123-3376-4975-A023-BF97A6CDD4C2}"
EndProject
Global
	GlobalSection(SolutionConfigurationPlatforms) = preSolution
		Debug|Any CPU = Debug|Any CPU
		Release|Any CPU = Release|Any CPU
	EndGlobalSection
	GlobalSection(ProjectConfigurationPlatforms) = postSolution
		{5478EC97-76D7-4781-8EBE-1AD51639100A}.Debug|Any CPU.ActiveCfg = Debug|Any CPU
		{5478EC97-76D7-4781-8EBE-1AD51639100A}.Debug|Any CPU.Build.0 = Debug|Any CPU
		{5478EC97-76D7-4781-8EBE-1AD51639100A}.Release|Any CPU.ActiveCfg = Release|Any CPU
		{5478EC97-76D7-4781-8EBE-1AD51639100A}.Release|Any CPU.Build.0 = Release|Any CPU
		{965A83FE-8A99-42AF-9CD6-AD7EC84323B6}.Debug|Any CPU.ActiveCfg = Debug|Any CPU
		{965A83FE-8A99-42AF-9CD6-AD7EC84323B6}.Debug|Any CPU.Build.0 = Debug|Any CPU
		{965A83FE-8A99-42AF-9CD6-AD7EC84323B6}.Release|Any CPU.ActiveCfg = Release|Any CPU
		{965A83FE-8A99-42AF-9CD6-AD7EC84323B6}.Release|Any CPU.Build.0 = Release|Any CPU
		{130A5098-E38E-4A19-B168-173EA8E78E02}.Debug|Any CPU.ActiveCfg = Debug|Any CPU
		{130A5098-E38E-4A19-B168-173EA8E78E02}.Debug|Any CPU.Build.0 = Debug|Any CPU
		{130A5098-E38E-4A19-B168-173EA8E78E02}.Release|Any CPU.ActiveCfg = Release|Any CPU
		{130A5098-E38E-4A19-B168-173EA8E78E02}.Release|Any CPU.Build.0 = Release|Any CPU
		{2E913123-3376-4975-A023-BF97A6CDD4C2}.Debug|Any CPU.ActiveCfg = Debug|Any CPU
		{2E913123-3376-4975-A023-BF97A6CDD4C2}.Debug|Any CPU.Build.0 = Debug|Any CPU
		{2E913123-3376-4975-A023-BF97A6CDD4C2}.Release|Any CPU.ActiveCfg = Release|Any CPU
		{2E913123-3376-4975-A023-BF97A6CDD4C2}.Release|Any CPU.Build.0 = Release|Any CPU
	EndGlobalSection
	GlobalSection(SolutionProperties) = preSolution
		HideSolutionNode = FALSE
	EndGlobalSection
	GlobalSection(ExtensibilityGlobals) = postSolution
		SolutionGuid = {7AEE632E-4767-4338-9752-C0809E58BAD2}
	EndGlobalSection
EndGlobal
